{
	"name": "@huteming/util-canvas-draw",
	"version": "1.4.5",
	"lockfileVersion": 1,
	"requires": true,
	"dependencies": {
		"stackblur-canvas": {
			"version": "2.2.0",
			"resolved": "http://192.168.0.99:4873/stackblur-canvas/-/stackblur-canvas-2.2.0.tgz",
			"integrity": "sha1-ysxZJKB0Sz4YPrLmwdhVnBoXwm4="
		}
	}
}
