{
	"name": "@huteming/util",
	"version": "1.2.5-alpha.0",
	"lockfileVersion": 1,
	"requires": true,
	"dependencies": {
		"@huteming/util-canvas": {
			"version": "1.2.1",
			"resolved": "http://192.168.0.99:4873/@huteming%2futil-canvas/-/util-canvas-1.2.1.tgz",
			"integrity": "sha1-utYRxs7VCzBOvKDH2FASua9fj8U="
		}
	}
}
