{
	"name": "@huteming/ui-audio",
	"version": "2.4.1",
	"lockfileVersion": 1,
	"requires": true,
	"dependencies": {
		"@types/video.js": {
			"version": "7.3.2",
			"resolved": "https://registry.npm.taobao.org/@types/video.js/download/@types/video.js-7.3.2.tgz",
			"integrity": "sha1-XFTUF2hCu4oox8eaULLWwl1X58c=",
			"dev": true
		}
	}
}
