{
	"name": "@huteming/ui-video-player",
	"version": "2.1.3",
	"lockfileVersion": 1,
	"requires": true,
	"dependencies": {
		"video.js": {
			"version": "7.6.6",
			"resolved": "http://192.168.0.99:4873/video.js/-/video.js-7.6.6.tgz",
			"integrity": "sha1-58kWPVP5sOBcy1rA950C+km006w=",
			"requires": {
				"@babel/runtime": "^7.4.5",
				"@videojs/http-streaming": "1.10.6",
				"global": "4.3.2",
				"keycode": "^2.2.0",
				"safe-json-parse": "4.0.0",
				"videojs-font": "3.2.0",
				"videojs-vtt.js": "^0.14.1",
				"xhr": "2.4.0"
			},
			"dependencies": {
				"@babel/runtime": {
					"version": "7.7.4",
					"resolved": "http://192.168.0.99:4873/@babel%2fruntime/-/runtime-7.7.4.tgz",
					"integrity": "sha1-sjqFZ1HkvwmSYvhndniJwOP+F1s=",
					"requires": {
						"regenerator-runtime": "^0.13.2"
					}
				},
				"@videojs/http-streaming": {
					"version": "1.10.6",
					"resolved": "http://192.168.0.99:4873/@videojs%2fhttp-streaming/-/http-streaming-1.10.6.tgz",
					"integrity": "sha1-qRGbGCizVMXMF7QuoFHMe8zi3KA=",
					"requires": {
						"aes-decrypter": "3.0.0",
						"global": "^4.3.0",
						"m3u8-parser": "4.4.0",
						"mpd-parser": "0.8.1",
						"mux.js": "5.2.1",
						"url-toolkit": "^2.1.3",
						"video.js": "^6.8.0 || ^7.0.0"
					}
				},
				"aes-decrypter": {
					"version": "3.0.0",
					"resolved": "http://192.168.0.99:4873/aes-decrypter/-/aes-decrypter-3.0.0.tgz",
					"integrity": "sha1-eEihwUW5/b9Xrj4rWxvHzwZEqPs=",
					"requires": {
						"commander": "^2.9.0",
						"global": "^4.3.2",
						"pkcs7": "^1.0.2"
					}
				},
				"commander": {
					"version": "2.20.3",
					"resolved": "http://192.168.0.99:4873/commander/-/commander-2.20.3.tgz",
					"integrity": "sha1-/UhehMA+tIgcIHIrpIA16FMa6zM="
				},
				"dom-walk": {
					"version": "0.1.1",
					"resolved": "http://192.168.0.99:4873/dom-walk/-/dom-walk-0.1.1.tgz",
					"integrity": "sha1-ZyIm3HTI95mtNTB9+TaroRrNYBg="
				},
				"global": {
					"version": "4.3.2",
					"resolved": "http://192.168.0.99:4873/global/-/global-4.3.2.tgz",
					"integrity": "sha1-52mJJopsdMOJCLEwWxD8DjlOnQ8=",
					"requires": {
						"min-document": "^2.19.0",
						"process": "~0.5.1"
					}
				},
				"individual": {
					"version": "2.0.0",
					"resolved": "http://192.168.0.99:4873/individual/-/individual-2.0.0.tgz",
					"integrity": "sha1-gzsJfa0jKU52EXqY+zjg2a1hu5c="
				},
				"is-function": {
					"version": "1.0.1",
					"resolved": "http://192.168.0.99:4873/is-function/-/is-function-1.0.1.tgz",
					"integrity": "sha1-Es+5i2W1fdPRk6MSH19uL0N2ArU="
				},
				"keycode": {
					"version": "2.2.0",
					"resolved": "http://192.168.0.99:4873/keycode/-/keycode-2.2.0.tgz",
					"integrity": "sha1-PQr1bce4uOXLqNCpfxByBO7CKwQ="
				},
				"m3u8-parser": {
					"version": "4.4.0",
					"resolved": "http://192.168.0.99:4873/m3u8-parser/-/m3u8-parser-4.4.0.tgz",
					"integrity": "sha1-rfYGwK9tl/Z1AJWkIAbCrgPd4Xc=",
					"requires": {
						"global": "^4.3.2"
					}
				},
				"min-document": {
					"version": "2.19.0",
					"resolved": "http://192.168.0.99:4873/min-document/-/min-document-2.19.0.tgz",
					"integrity": "sha1-e9KC4/WELtKVu3SM3Z8f+iyCRoU=",
					"requires": {
						"dom-walk": "^0.1.0"
					}
				},
				"mpd-parser": {
					"version": "0.8.1",
					"resolved": "http://192.168.0.99:4873/mpd-parser/-/mpd-parser-0.8.1.tgz",
					"integrity": "sha1-2ymdvsM3mZ+7us6YnSJ8ewPcjqc=",
					"requires": {
						"global": "^4.3.2",
						"url-toolkit": "^2.1.1"
					}
				},
				"mux.js": {
					"version": "5.2.1",
					"resolved": "http://192.168.0.99:4873/mux.js/-/mux.js-5.2.1.tgz",
					"integrity": "sha1-Zph2H8iNpazs6gdYrCXxHToIvug="
				},
				"parse-headers": {
					"version": "2.0.3",
					"resolved": "http://192.168.0.99:4873/parse-headers/-/parse-headers-2.0.3.tgz",
					"integrity": "sha1-Xo51Ejg9FAugLwx6qfSbQ5nJJRU="
				},
				"pkcs7": {
					"version": "1.0.2",
					"resolved": "http://192.168.0.99:4873/pkcs7/-/pkcs7-1.0.2.tgz",
					"integrity": "sha1-ttulJ1KMKUK/wSLOLa/NteWQdOc="
				},
				"process": {
					"version": "0.5.2",
					"resolved": "http://192.168.0.99:4873/process/-/process-0.5.2.tgz",
					"integrity": "sha1-FjjYqONML0QKkduVq5rrZ3/Bhc8="
				},
				"regenerator-runtime": {
					"version": "0.13.3",
					"resolved": "http://192.168.0.99:4873/regenerator-runtime/-/regenerator-runtime-0.13.3.tgz",
					"integrity": "sha1-fPanfY9cb2Drc8X8GVWyzrAea/U="
				},
				"rust-result": {
					"version": "1.0.0",
					"resolved": "http://192.168.0.99:4873/rust-result/-/rust-result-1.0.0.tgz",
					"integrity": "sha1-NMdbLm3Dn+WHXlveyFteD5FTb3I=",
					"requires": {
						"individual": "^2.0.0"
					}
				},
				"safe-json-parse": {
					"version": "4.0.0",
					"resolved": "http://192.168.0.99:4873/safe-json-parse/-/safe-json-parse-4.0.0.tgz",
					"integrity": "sha1-fA9XjPzNEtM6ccDgVBPi7KFx6qw=",
					"requires": {
						"rust-result": "^1.0.0"
					}
				},
				"url-toolkit": {
					"version": "2.1.6",
					"resolved": "http://192.168.0.99:4873/url-toolkit/-/url-toolkit-2.1.6.tgz",
					"integrity": "sha1-bQMkZJnlGarSJMRARKSuIFRBVPI="
				},
				"videojs-font": {
					"version": "3.2.0",
					"resolved": "http://192.168.0.99:4873/videojs-font/-/videojs-font-3.2.0.tgz",
					"integrity": "sha1-ISydP05Ow/pzRRZ9ZDFq3TXpIjI="
				},
				"videojs-vtt.js": {
					"version": "0.14.1",
					"resolved": "http://192.168.0.99:4873/videojs-vtt.js/-/videojs-vtt.js-0.14.1.tgz",
					"integrity": "sha1-2lg+sfycgcgmqUMrcGBA6N6kmRE=",
					"requires": {
						"global": "^4.3.1"
					}
				},
				"xhr": {
					"version": "2.4.0",
					"resolved": "http://192.168.0.99:4873/xhr/-/xhr-2.4.0.tgz",
					"integrity": "sha1-4W5mpF+GmGHu76tBbV7/ci3ECZM=",
					"requires": {
						"global": "~4.3.0",
						"is-function": "^1.0.1",
						"parse-headers": "^2.0.0",
						"xtend": "^4.0.0"
					}
				},
				"xtend": {
					"version": "4.0.2",
					"resolved": "http://192.168.0.99:4873/xtend/-/xtend-4.0.2.tgz",
					"integrity": "sha1-u3J3n1+kZRhrH0OPZ0+jR/2121Q="
				}
			}
		}
	}
}
