{
	"name": "@huteming/ui",
	"version": "2.0.4-alpha.1",
	"lockfileVersion": 1,
	"requires": true,
	"dependencies": {
		"@huteming/ui-image-picker": {
			"version": "1.1.1",
			"resolved": "http://192.168.0.99:4873/@huteming%2fui-image-picker/-/ui-image-picker-1.1.1.tgz",
			"integrity": "sha512-Ppf+qunTsCGqWQ/YGHJNcxjAX84l1Uu8H8A7i/Uo4JfVpi5YegSmgaCxgdBu24DUbq+XYZXhkzefYngVWS0EQA=="
		}
	}
}
