{
	"name": "@huteming/ui",
	"version": "1.6.0-alpha.23",
	"lockfileVersion": 1,
	"requires": true,
	"dependencies": {
		"@huteming/ui-theme": {
			"version": "1.2.1",
			"resolved": "http://192.168.0.99:4873/@huteming%2fui-theme/-/ui-theme-1.2.1.tgz",
			"integrity": "sha512-03N7rql6fC2+zdsy340JeeTg83fEqX69zsA0WbzrX83pa7qlEa9+SYUatQrHhvYfD0mOPk5grgnWeisV0tsheA=="
		}
	}
}
