{
	"name": "@huteming/ui-loading",
	"version": "1.0.2",
	"lockfileVersion": 1,
	"requires": true,
	"dependencies": {
		"throttle-debounce": {
			"version": "2.1.0",
			"resolved": "http://r.cnpmjs.org/throttle-debounce/download/throttle-debounce-2.1.0.tgz",
			"integrity": "sha1-JX5kjwpWvZ5U/g8TLEq4YR304dU="
		}
	}
}
